# This file is generated by running "yarn install" inside your project.
# Manual changes might be lost - proceed with caution!

__metadata:
  version: 6
  cacheKey: 8

"@playwright/test@npm:^1.27.1":
  version: 1.27.1
  resolution: "@playwright/test@npm:1.27.1"
  dependencies:
    "@types/node": "*"
    playwright-core: 1.27.1
  bin:
    playwright: cli.js
  checksum: 92f219a78c21da03c6599d92c313c914e73cc374306366130fb3bd4701555179394ec5a3000d9375ce59f5a03c00f20d1ddaae50c85583ce475e17795a622699
  languageName: node
  linkType: hard

"@types/node@npm:*":
  version: 18.11.9
  resolution: "@types/node@npm:18.11.9"
  checksum: cc0aae109e9b7adefc32eecb838d6fad931663bb06484b5e9cbbbf74865c721b03d16fd8d74ad90e31dbe093d956a7c2c306ba5429ba0c00f3f7505103d7a496
  languageName: node
  linkType: hard

"cicd@workspace:.":
  version: 0.0.0-use.local
  resolution: "cicd@workspace:."
  dependencies:
    "@playwright/test": ^1.27.1
  languageName: unknown
  linkType: soft

"playwright-core@npm:1.27.1":
  version: 1.27.1
  resolution: "playwright-core@npm:1.27.1"
  bin:
    playwright: cli.js
  checksum: fd65d3eb29978e0e7a755158625e8922a66ca9d599b7c24ddf920822b261d81c51a5964ef8e0e5ed9b2b12dc64541c5949b6a898d965e107f43261964e8c29a0
  languageName: node
  linkType: hard
